
Microsoft Visual Studio Solution File, Format Version 12.00
# Visual Studio Version 17
VisualStudioVersion = 17.2.32616.157
MinimumVisualStudioVersion = 10.0.40219.1
Project("{FAE04EC0-301F-11D3-BF4B-00C04F79EFBC}") = "Microservice", "Microservice\Microservice.csproj", "{558D7679-922A-4946-9AA2-289A8E43A679}"
EndProject
Project("{2150E333-8FDC-42A3-9474-1A3956D46DE8}") = "Services", "Services", "{39CA2330-94ED-4575-9821-403AC0884CB5}"
EndProject
Project("{FAE04EC0-301F-11D3-BF4B-00C04F79EFBC}") = "ContactAPI", "Services\ContactAPI\ContactAPI\ContactAPI.csproj", "{F68E3A1E-919F-4E21-B363-3BF13BD5A700}"
EndProject
Project("{FAE04EC0-301F-11D3-BF4B-00C04F79EFBC}") = "ResAPI", "Services\ResAPI\ResAPI\ResAPI.csproj", "{D83B3FD7-1D70-44D7-998A-102C08C0B0F8}"
EndProject
Project("{2150E333-8FDC-42A3-9474-1A3956D46DE8}") = "Contact", "Contact", "{E89212E4-E46F-483D-849D-22C5C3D093EE}"
EndProject
Project("{2150E333-8FDC-42A3-9474-1A3956D46DE8}") = "Res", "Res", "{8079A8F3-98F1-4793-9BE9-76B5AD1553E4}"
EndProject
Project("{FAE04EC0-301F-11D3-BF4B-00C04F79EFBC}") = "ContactAPI.Infrastructure", "Services\ContactAPI\ContactAPI.Infrastructure\ContactAPI.Infrastructure.csproj", "{6E1EAAB1-F027-4A37-B9C6-AA588B7CB180}"
EndProject
Project("{FAE04EC0-301F-11D3-BF4B-00C04F79EFBC}") = "ContactAPI.Models", "Services\ContactAPI\ContactAPI.Models\ContactAPI.Models.csproj", "{D353F5D3-53F5-4FA3-B193-1C8303E6862A}"
EndProject
Project("{FAE04EC0-301F-11D3-BF4B-00C04F79EFBC}") = "ContactAPI.Services", "Services\ContactAPI\ContactAPI.Services\ContactAPI.Services.csproj", "{EB56A820-802F-47FF-81B6-3255CEDBF499}"
EndProject
Project("{FAE04EC0-301F-11D3-BF4B-00C04F79EFBC}") = "ResAPI.Infrastructure", "Services\ResAPI\ResAPI.Infrastructure\ResAPI.Infrastructure.csproj", "{BF345BAD-C755-45A9-95E7-2C68CB8CE8FD}"
EndProject
Project("{FAE04EC0-301F-11D3-BF4B-00C04F79EFBC}") = "ResAPI.Services", "Services\ResAPI\ResAPI.Services\ResAPI.Services.csproj", "{C634B8AD-C470-4CFA-B363-0A5A0D566059}"
EndProject
Project("{FAE04EC0-301F-11D3-BF4B-00C04F79EFBC}") = "ResAPI.Models", "Services\ResAPI\ResAPI.Models\ResAPI.Models.csproj", "{55B2AA52-F749-4C02-AB25-BBF237D2B8C4}"
EndProject
Global
	GlobalSection(SolutionConfigurationPlatforms) = preSolution
		Debug|Any CPU = Debug|Any CPU
		Release|Any CPU = Release|Any CPU
	EndGlobalSection
	GlobalSection(ProjectConfigurationPlatforms) = postSolution
		{558D7679-922A-4946-9AA2-289A8E43A679}.Debug|Any CPU.ActiveCfg = Debug|Any CPU
		{558D7679-922A-4946-9AA2-289A8E43A679}.Debug|Any CPU.Build.0 = Debug|Any CPU
		{558D7679-922A-4946-9AA2-289A8E43A679}.Release|Any CPU.ActiveCfg = Release|Any CPU
		{558D7679-922A-4946-9AA2-289A8E43A679}.Release|Any CPU.Build.0 = Release|Any CPU
		{F68E3A1E-919F-4E21-B363-3BF13BD5A700}.Debug|Any CPU.ActiveCfg = Debug|Any CPU
		{F68E3A1E-919F-4E21-B363-3BF13BD5A700}.Debug|Any CPU.Build.0 = Debug|Any CPU
		{F68E3A1E-919F-4E21-B363-3BF13BD5A700}.Release|Any CPU.ActiveCfg = Release|Any CPU
		{F68E3A1E-919F-4E21-B363-3BF13BD5A700}.Release|Any CPU.Build.0 = Release|Any CPU
		{D83B3FD7-1D70-44D7-998A-102C08C0B0F8}.Debug|Any CPU.ActiveCfg = Debug|Any CPU
		{D83B3FD7-1D70-44D7-998A-102C08C0B0F8}.Debug|Any CPU.Build.0 = Debug|Any CPU
		{D83B3FD7-1D70-44D7-998A-102C08C0B0F8}.Release|Any CPU.ActiveCfg = Release|Any CPU
		{D83B3FD7-1D70-44D7-998A-102C08C0B0F8}.Release|Any CPU.Build.0 = Release|Any CPU
		{6E1EAAB1-F027-4A37-B9C6-AA588B7CB180}.Debug|Any CPU.ActiveCfg = Debug|Any CPU
		{6E1EAAB1-F027-4A37-B9C6-AA588B7CB180}.Debug|Any CPU.Build.0 = Debug|Any CPU
		{6E1EAAB1-F027-4A37-B9C6-AA588B7CB180}.Release|Any CPU.ActiveCfg = Release|Any CPU
		{6E1EAAB1-F027-4A37-B9C6-AA588B7CB180}.Release|Any CPU.Build.0 = Release|Any CPU
		{D353F5D3-53F5-4FA3-B193-1C8303E6862A}.Debug|Any CPU.ActiveCfg = Debug|Any CPU
		{D353F5D3-53F5-4FA3-B193-1C8303E6862A}.Debug|Any CPU.Build.0 = Debug|Any CPU
		{D353F5D3-53F5-4FA3-B193-1C8303E6862A}.Release|Any CPU.ActiveCfg = Release|Any CPU
		{D353F5D3-53F5-4FA3-B193-1C8303E6862A}.Release|Any CPU.Build.0 = Release|Any CPU
		{EB56A820-802F-47FF-81B6-3255CEDBF499}.Debug|Any CPU.ActiveCfg = Debug|Any CPU
		{EB56A820-802F-47FF-81B6-3255CEDBF499}.Debug|Any CPU.Build.0 = Debug|Any CPU
		{EB56A820-802F-47FF-81B6-3255CEDBF499}.Release|Any CPU.ActiveCfg = Release|Any CPU
		{EB56A820-802F-47FF-81B6-3255CEDBF499}.Release|Any CPU.Build.0 = Release|Any CPU
		{BF345BAD-C755-45A9-95E7-2C68CB8CE8FD}.Debug|Any CPU.ActiveCfg = Debug|Any CPU
		{BF345BAD-C755-45A9-95E7-2C68CB8CE8FD}.Debug|Any CPU.Build.0 = Debug|Any CPU
		{BF345BAD-C755-45A9-95E7-2C68CB8CE8FD}.Release|Any CPU.ActiveCfg = Release|Any CPU
		{BF345BAD-C755-45A9-95E7-2C68CB8CE8FD}.Release|Any CPU.Build.0 = Release|Any CPU
		{C634B8AD-C470-4CFA-B363-0A5A0D566059}.Debug|Any CPU.ActiveCfg = Debug|Any CPU
		{C634B8AD-C470-4CFA-B363-0A5A0D566059}.Debug|Any CPU.Build.0 = Debug|Any CPU
		{C634B8AD-C470-4CFA-B363-0A5A0D566059}.Release|Any CPU.ActiveCfg = Release|Any CPU
		{C634B8AD-C470-4CFA-B363-0A5A0D566059}.Release|Any CPU.Build.0 = Release|Any CPU
		{55B2AA52-F749-4C02-AB25-BBF237D2B8C4}.Debug|Any CPU.ActiveCfg = Debug|Any CPU
		{55B2AA52-F749-4C02-AB25-BBF237D2B8C4}.Debug|Any CPU.Build.0 = Debug|Any CPU
		{55B2AA52-F749-4C02-AB25-BBF237D2B8C4}.Release|Any CPU.ActiveCfg = Release|Any CPU
		{55B2AA52-F749-4C02-AB25-BBF237D2B8C4}.Release|Any CPU.Build.0 = Release|Any CPU
	EndGlobalSection
	GlobalSection(SolutionProperties) = preSolution
		HideSolutionNode = FALSE
	EndGlobalSection
	GlobalSection(NestedProjects) = preSolution
		{F68E3A1E-919F-4E21-B363-3BF13BD5A700} = {E89212E4-E46F-483D-849D-22C5C3D093EE}
		{D83B3FD7-1D70-44D7-998A-102C08C0B0F8} = {8079A8F3-98F1-4793-9BE9-76B5AD1553E4}
		{E89212E4-E46F-483D-849D-22C5C3D093EE} = {39CA2330-94ED-4575-9821-403AC0884CB5}
		{8079A8F3-98F1-4793-9BE9-76B5AD1553E4} = {39CA2330-94ED-4575-9821-403AC0884CB5}
		{6E1EAAB1-F027-4A37-B9C6-AA588B7CB180} = {E89212E4-E46F-483D-849D-22C5C3D093EE}
		{D353F5D3-53F5-4FA3-B193-1C8303E6862A} = {E89212E4-E46F-483D-849D-22C5C3D093EE}
		{EB56A820-802F-47FF-81B6-3255CEDBF499} = {E89212E4-E46F-483D-849D-22C5C3D093EE}
		{BF345BAD-C755-45A9-95E7-2C68CB8CE8FD} = {8079A8F3-98F1-4793-9BE9-76B5AD1553E4}
		{C634B8AD-C470-4CFA-B363-0A5A0D566059} = {8079A8F3-98F1-4793-9BE9-76B5AD1553E4}
		{55B2AA52-F749-4C02-AB25-BBF237D2B8C4} = {8079A8F3-98F1-4793-9BE9-76B5AD1553E4}
	EndGlobalSection
	GlobalSection(ExtensibilityGlobals) = postSolution
		SolutionGuid = {52D1215B-FD87-42A4-B477-0396A01AE9E2}
	EndGlobalSection
EndGlobal
